
Microsoft Visual Studio Solution File, Format Version 12.00
# Visual Studio Version 17
VisualStudioVersion = 17.5.33516.290
MinimumVisualStudioVersion = 10.0.40219.1
Project("{FAE04EC0-301F-11D3-BF4B-00C04F79EFBC}") = "Lesson1_ArrayList", "Lesson1_ArrayList\Lesson1_ArrayList.csproj", "{609355D7-1D15-4333-BFE8-22989F8EC62A}"
EndProject
Global
	GlobalSection(SolutionConfigurationPlatforms) = preSolution
		Debug|Any CPU = Debug|Any CPU
		Release|Any CPU = Release|Any CPU
	EndGlobalSection
	GlobalSection(ProjectConfigurationPlatforms) = postSolution
		{609355D7-1D15-4333-BFE8-22989F8EC62A}.Debug|Any CPU.ActiveCfg = Debug|Any CPU
		{609355D7-1D15-4333-BFE8-22989F8EC62A}.Debug|Any CPU.Build.0 = Debug|Any CPU
		{609355D7-1D15-4333-BFE8-22989F8EC62A}.Release|Any CPU.ActiveCfg = Release|Any CPU
		{609355D7-1D15-4333-BFE8-22989F8EC62A}.Release|Any CPU.Build.0 = Release|Any CPU
	EndGlobalSection
	GlobalSection(SolutionProperties) = preSolution
		HideSolutionNode = FALSE
	EndGlobalSection
	GlobalSection(ExtensibilityGlobals) = postSolution
		SolutionGuid = {502B44B0-83A1-4154-A6E3-CF82E92145C3}
	EndGlobalSection
EndGlobal
