
Microsoft Visual Studio Solution File, Format Version 12.00
# Visual Studio Version 17
VisualStudioVersion = 17.5.33516.290
MinimumVisualStudioVersion = 10.0.40219.1
Project("{9A19103F-16F7-4668-BE54-9A1E7A4F7556}") = "Lesson1_ArrayList", "Lesson1_ArrayList\Lesson1_ArrayList.csproj", "{609355D7-1D15-4333-BFE8-22989F8EC62A}"
EndProject
Project("{9A19103F-16F7-4668-BE54-9A1E7A4F7556}") = "测试专用1", "测试专用1\测试专用1.csproj", "{1B160FC8-CE08-4896-BA95-2DC8976C8DDE}"
EndProject
Project("{9A19103F-16F7-4668-BE54-9A1E7A4F7556}") = "Lesson2_Stack", "Lesson2_Stack\Lesson2_Stack.csproj", "{F2F961D4-333B-452E-8284-079D43F2E78F}"
EndProject
Project("{9A19103F-16F7-4668-BE54-9A1E7A4F7556}") = "Lesson3_Queue", "Lesson3_Queue\Lesson3_Queue.csproj", "{CFAA9E62-4D3A-45E2-8BDE-C714F093901F}"
EndProject
Project("{FAE04EC0-301F-11D3-BF4B-00C04F79EFBC}") = "Lesson4_Hashtable", "Lesson4_Hashtable\Lesson4_Hashtable.csproj", "{76DDAF5E-47F0-4E04-9725-2C99D0CA488B}"
EndProject
Project("{FAE04EC0-301F-11D3-BF4B-00C04F79EFBC}") = "Lesson5_泛型", "Lesson5_泛型\Lesson5_泛型.csproj", "{6F53A685-2951-4CB1-9330-60C2A16A0F7A}"
EndProject
Project("{FAE04EC0-301F-11D3-BF4B-00C04F79EFBC}") = "Lesson6_泛型约束", "Lesson6_泛型约束\Lesson6_泛型约束.csproj", "{FD1A70C6-E950-4CB6-94B9-1091959B00D0}"
EndProject
Project("{FAE04EC0-301F-11D3-BF4B-00C04F79EFBC}") = "测试专用2", "测试专用2\测试专用2.csproj", "{31A47845-D01C-4D97-91AF-7F9F4D1BDFB6}"
EndProject
Project("{FAE04EC0-301F-11D3-BF4B-00C04F79EFBC}") = "Lesson7_List", "Lesson7_List\Lesson7_List.csproj", "{6119C5E1-B5DE-4A28-A013-C8B32D6A3DEF}"
EndProject
Project("{FAE04EC0-301F-11D3-BF4B-00C04F79EFBC}") = "测试专用3", "测试专用3\测试专用3.csproj", "{EBCB632C-2F9F-49DF-AC18-6EF73899B3CC}"
EndProject
Global
	GlobalSection(SolutionConfigurationPlatforms) = preSolution
		Debug|Any CPU = Debug|Any CPU
		Release|Any CPU = Release|Any CPU
	EndGlobalSection
	GlobalSection(ProjectConfigurationPlatforms) = postSolution
		{609355D7-1D15-4333-BFE8-22989F8EC62A}.Debug|Any CPU.ActiveCfg = Debug|Any CPU
		{609355D7-1D15-4333-BFE8-22989F8EC62A}.Debug|Any CPU.Build.0 = Debug|Any CPU
		{609355D7-1D15-4333-BFE8-22989F8EC62A}.Release|Any CPU.ActiveCfg = Release|Any CPU
		{609355D7-1D15-4333-BFE8-22989F8EC62A}.Release|Any CPU.Build.0 = Release|Any CPU
		{1B160FC8-CE08-4896-BA95-2DC8976C8DDE}.Debug|Any CPU.ActiveCfg = Debug|Any CPU
		{1B160FC8-CE08-4896-BA95-2DC8976C8DDE}.Debug|Any CPU.Build.0 = Debug|Any CPU
		{1B160FC8-CE08-4896-BA95-2DC8976C8DDE}.Release|Any CPU.ActiveCfg = Release|Any CPU
		{1B160FC8-CE08-4896-BA95-2DC8976C8DDE}.Release|Any CPU.Build.0 = Release|Any CPU
		{F2F961D4-333B-452E-8284-079D43F2E78F}.Debug|Any CPU.ActiveCfg = Debug|Any CPU
		{F2F961D4-333B-452E-8284-079D43F2E78F}.Debug|Any CPU.Build.0 = Debug|Any CPU
		{F2F961D4-333B-452E-8284-079D43F2E78F}.Release|Any CPU.ActiveCfg = Release|Any CPU
		{F2F961D4-333B-452E-8284-079D43F2E78F}.Release|Any CPU.Build.0 = Release|Any CPU
		{CFAA9E62-4D3A-45E2-8BDE-C714F093901F}.Debug|Any CPU.ActiveCfg = Debug|Any CPU
		{CFAA9E62-4D3A-45E2-8BDE-C714F093901F}.Debug|Any CPU.Build.0 = Debug|Any CPU
		{CFAA9E62-4D3A-45E2-8BDE-C714F093901F}.Release|Any CPU.ActiveCfg = Release|Any CPU
		{CFAA9E62-4D3A-45E2-8BDE-C714F093901F}.Release|Any CPU.Build.0 = Release|Any CPU
		{76DDAF5E-47F0-4E04-9725-2C99D0CA488B}.Debug|Any CPU.ActiveCfg = Debug|Any CPU
		{76DDAF5E-47F0-4E04-9725-2C99D0CA488B}.Debug|Any CPU.Build.0 = Debug|Any CPU
		{76DDAF5E-47F0-4E04-9725-2C99D0CA488B}.Release|Any CPU.ActiveCfg = Release|Any CPU
		{76DDAF5E-47F0-4E04-9725-2C99D0CA488B}.Release|Any CPU.Build.0 = Release|Any CPU
		{6F53A685-2951-4CB1-9330-60C2A16A0F7A}.Debug|Any CPU.ActiveCfg = Debug|Any CPU
		{6F53A685-2951-4CB1-9330-60C2A16A0F7A}.Debug|Any CPU.Build.0 = Debug|Any CPU
		{6F53A685-2951-4CB1-9330-60C2A16A0F7A}.Release|Any CPU.ActiveCfg = Release|Any CPU
		{6F53A685-2951-4CB1-9330-60C2A16A0F7A}.Release|Any CPU.Build.0 = Release|Any CPU
		{FD1A70C6-E950-4CB6-94B9-1091959B00D0}.Debug|Any CPU.ActiveCfg = Debug|Any CPU
		{FD1A70C6-E950-4CB6-94B9-1091959B00D0}.Debug|Any CPU.Build.0 = Debug|Any CPU
		{FD1A70C6-E950-4CB6-94B9-1091959B00D0}.Release|Any CPU.ActiveCfg = Release|Any CPU
		{FD1A70C6-E950-4CB6-94B9-1091959B00D0}.Release|Any CPU.Build.0 = Release|Any CPU
		{31A47845-D01C-4D97-91AF-7F9F4D1BDFB6}.Debug|Any CPU.ActiveCfg = Debug|Any CPU
		{31A47845-D01C-4D97-91AF-7F9F4D1BDFB6}.Debug|Any CPU.Build.0 = Debug|Any CPU
		{31A47845-D01C-4D97-91AF-7F9F4D1BDFB6}.Release|Any CPU.ActiveCfg = Release|Any CPU
		{31A47845-D01C-4D97-91AF-7F9F4D1BDFB6}.Release|Any CPU.Build.0 = Release|Any CPU
		{6119C5E1-B5DE-4A28-A013-C8B32D6A3DEF}.Debug|Any CPU.ActiveCfg = Debug|Any CPU
		{6119C5E1-B5DE-4A28-A013-C8B32D6A3DEF}.Debug|Any CPU.Build.0 = Debug|Any CPU
		{6119C5E1-B5DE-4A28-A013-C8B32D6A3DEF}.Release|Any CPU.ActiveCfg = Release|Any CPU
		{6119C5E1-B5DE-4A28-A013-C8B32D6A3DEF}.Release|Any CPU.Build.0 = Release|Any CPU
		{EBCB632C-2F9F-49DF-AC18-6EF73899B3CC}.Debug|Any CPU.ActiveCfg = Debug|Any CPU
		{EBCB632C-2F9F-49DF-AC18-6EF73899B3CC}.Debug|Any CPU.Build.0 = Debug|Any CPU
		{EBCB632C-2F9F-49DF-AC18-6EF73899B3CC}.Release|Any CPU.ActiveCfg = Release|Any CPU
		{EBCB632C-2F9F-49DF-AC18-6EF73899B3CC}.Release|Any CPU.Build.0 = Release|Any CPU
	EndGlobalSection
	GlobalSection(SolutionProperties) = preSolution
		HideSolutionNode = FALSE
	EndGlobalSection
	GlobalSection(ExtensibilityGlobals) = postSolution
		SolutionGuid = {502B44B0-83A1-4154-A6E3-CF82E92145C3}
	EndGlobalSection
EndGlobal
