
Microsoft Visual Studio Solution File, Format Version 12.00
# Visual Studio Version 17
VisualStudioVersion = 17.5.33516.290
MinimumVisualStudioVersion = 10.0.40219.1
Project("{9A19103F-16F7-4668-BE54-9A1E7A4F7556}") = "Lesson1_ArrayList", "Lesson1_ArrayList\Lesson1_ArrayList.csproj", "{609355D7-1D15-4333-BFE8-22989F8EC62A}"
EndProject
Project("{9A19103F-16F7-4668-BE54-9A1E7A4F7556}") = "测试专用1", "测试专用1\测试专用1.csproj", "{1B160FC8-CE08-4896-BA95-2DC8976C8DDE}"
EndProject
Project("{9A19103F-16F7-4668-BE54-9A1E7A4F7556}") = "Lesson2_Stack", "Lesson2_Stack\Lesson2_Stack.csproj", "{F2F961D4-333B-452E-8284-079D43F2E78F}"
EndProject
Project("{9A19103F-16F7-4668-BE54-9A1E7A4F7556}") = "Lesson3_Queue", "Lesson3_Queue\Lesson3_Queue.csproj", "{CFAA9E62-4D3A-45E2-8BDE-C714F093901F}"
EndProject
Project("{9A19103F-16F7-4668-BE54-9A1E7A4F7556}") = "Lesson4_Hashtable", "Lesson4_Hashtable\Lesson4_Hashtable.csproj", "{76DDAF5E-47F0-4E04-9725-2C99D0CA488B}"
EndProject
Project("{9A19103F-16F7-4668-BE54-9A1E7A4F7556}") = "Lesson5_泛型", "Lesson5_泛型\Lesson5_泛型.csproj", "{6F53A685-2951-4CB1-9330-60C2A16A0F7A}"
EndProject
Project("{9A19103F-16F7-4668-BE54-9A1E7A4F7556}") = "Lesson6_泛型约束", "Lesson6_泛型约束\Lesson6_泛型约束.csproj", "{FD1A70C6-E950-4CB6-94B9-1091959B00D0}"
EndProject
Project("{9A19103F-16F7-4668-BE54-9A1E7A4F7556}") = "测试专用2", "测试专用2\测试专用2.csproj", "{31A47845-D01C-4D97-91AF-7F9F4D1BDFB6}"
EndProject
Project("{9A19103F-16F7-4668-BE54-9A1E7A4F7556}") = "Lesson7_List", "Lesson7_List\Lesson7_List.csproj", "{6119C5E1-B5DE-4A28-A013-C8B32D6A3DEF}"
EndProject
Project("{9A19103F-16F7-4668-BE54-9A1E7A4F7556}") = "测试专用3", "测试专用3\测试专用3.csproj", "{EBCB632C-2F9F-49DF-AC18-6EF73899B3CC}"
EndProject
Project("{9A19103F-16F7-4668-BE54-9A1E7A4F7556}") = "Lesson8_Dictionary", "Lesson8_Dictionary\Lesson8_Dictionary.csproj", "{30528AD8-EB42-420E-A67E-9DA4E9D3F421}"
EndProject
Project("{9A19103F-16F7-4668-BE54-9A1E7A4F7556}") = "测试专用4", "测试专用4\测试专用4.csproj", "{DEC42009-84D0-4EBB-9065-4A797D479D2C}"
EndProject
Project("{9A19103F-16F7-4668-BE54-9A1E7A4F7556}") = "Lesson9_顺序存储和链式存储", "Lesson9_顺序存储和链式存储\Lesson9_顺序存储和链式存储.csproj", "{06F27F47-57CC-47B6-A3AE-379786AEDD1E}"
EndProject
Project("{9A19103F-16F7-4668-BE54-9A1E7A4F7556}") = "Lesson10_Linkedlist", "Lesson10_Linkedlist\Lesson10_Linkedlist.csproj", "{5BB984E8-BDD7-4BAA-840A-13E4FFDB954F}"
EndProject
Project("{9A19103F-16F7-4668-BE54-9A1E7A4F7556}") = "Lesson11_泛型栈和队列", "Lesson11_泛型栈和队列\Lesson11_泛型栈和队列.csproj", "{8D74259F-27CD-4F01-8C44-D2191F652A40}"
EndProject
Project("{9A19103F-16F7-4668-BE54-9A1E7A4F7556}") = "Lesson12_委托", "Lesson12_委托\Lesson12_委托.csproj", "{8DDECA39-02C5-4DBB-B2C8-9FCBC0283251}"
EndProject
Project("{9A19103F-16F7-4668-BE54-9A1E7A4F7556}") = "Lesson13_事件", "Lesson13_事件\Lesson13_事件.csproj", "{FCB47D79-21CA-4138-B8D4-52024F3F29F8}"
EndProject
Project("{9A19103F-16F7-4668-BE54-9A1E7A4F7556}") = "Lesson14_匿名函数", "Lesson14_匿名函数\Lesson14_匿名函数.csproj", "{863E3974-C1DD-4219-AE39-9E7B6F06BEEC}"
EndProject
Project("{9A19103F-16F7-4668-BE54-9A1E7A4F7556}") = "Lesson15_lambad表达式", "Lesson14_lambad表达式\Lesson15_lambad表达式.csproj", "{3C8D5161-D9DD-4B61-BFE7-3EBCA303F8C7}"
EndProject
Project("{9A19103F-16F7-4668-BE54-9A1E7A4F7556}") = "Lesson15_练习题", "Lesson15_练习题\Lesson15_练习题.csproj", "{D4BF43C5-F28D-4F1F-9E44-4DBEB399D90C}"
EndProject
Project("{9A19103F-16F7-4668-BE54-9A1E7A4F7556}") = "Lesson16_List排序", "Lesson16_List排序\Lesson16_List排序.csproj", "{1B2E7284-3E6F-4BEB-A1FA-1D8137568496}"
EndProject
Project("{9A19103F-16F7-4668-BE54-9A1E7A4F7556}") = "Lesson16_练习题", "Lesson16_练习题\Lesson16_练习题.csproj", "{FA2FA7B2-5906-4273-B719-56423F3FA6D1}"
EndProject
Project("{9A19103F-16F7-4668-BE54-9A1E7A4F7556}") = "测试专用5", "测试专用5\测试专用5.csproj", "{0CF80503-B49C-4B05-9434-3E2A1D68486F}"
EndProject
Project("{9A19103F-16F7-4668-BE54-9A1E7A4F7556}") = "测试专用6", "测试专用6\测试专用6.csproj", "{158C07C2-6809-4D50-A461-CFFF168F2E6E}"
EndProject
Project("{9A19103F-16F7-4668-BE54-9A1E7A4F7556}") = "Lesson17_协变逆变", "Lesson17_协变逆变\Lesson17_协变逆变.csproj", "{DFACBA1A-FC4C-465B-864D-9838B35CF566}"
EndProject
Project("{9A19103F-16F7-4668-BE54-9A1E7A4F7556}") = "Lesson18_多线程", "Lesson18_多线程\Lesson18_多线程.csproj", "{C014FB11-31FA-4E03-9255-F0329DAF6361}"
EndProject
Project("{9A19103F-16F7-4668-BE54-9A1E7A4F7556}") = "Lesson19_预处理器指令", "Lesson19_预处理器指令\Lesson19_预处理器指令.csproj", "{B81711B4-2EAC-4175-9E47-01CDA3A37AEF}"
EndProject
Project("{9A19103F-16F7-4668-BE54-9A1E7A4F7556}") = "Lesson20_反射", "Lesson20_反射\Lesson20_反射.csproj", "{5CB13A50-67C6-4C43-87B8-4EC5CABAF4BB}"
EndProject
Project("{FAE04EC0-301F-11D3-BF4B-00C04F79EFBC}") = "ClassLibrary", "ClassLibrary\ClassLibrary.csproj", "{0BA55701-E803-4484-8D11-9FF62EDA5B7A}"
EndProject
Project("{9A19103F-16F7-4668-BE54-9A1E7A4F7556}") = "Lesson20_练习", "Lesson20_练习\Lesson20_练习.csproj", "{219BB3D8-6EAE-4133-AC44-300AE4ED30C9}"
EndProject
Project("{9A19103F-16F7-4668-BE54-9A1E7A4F7556}") = "Lesson21_特性", "Lesson21_特性\Lesson21_特性.csproj", "{8D4236FB-BBFD-4FE4-9078-B8BF662FE7CE}"
EndProject
Project("{FAE04EC0-301F-11D3-BF4B-00C04F79EFBC}") = "Lesson21_练习", "Lesson21_练习\Lesson21_练习.csproj", "{64C54398-E9DD-4CD3-9E38-E8583BCF9D04}"
EndProject
Global
	GlobalSection(SolutionConfigurationPlatforms) = preSolution
		Debug|Any CPU = Debug|Any CPU
		Release|Any CPU = Release|Any CPU
	EndGlobalSection
	GlobalSection(ProjectConfigurationPlatforms) = postSolution
		{609355D7-1D15-4333-BFE8-22989F8EC62A}.Debug|Any CPU.ActiveCfg = Debug|Any CPU
		{609355D7-1D15-4333-BFE8-22989F8EC62A}.Debug|Any CPU.Build.0 = Debug|Any CPU
		{609355D7-1D15-4333-BFE8-22989F8EC62A}.Release|Any CPU.ActiveCfg = Release|Any CPU
		{609355D7-1D15-4333-BFE8-22989F8EC62A}.Release|Any CPU.Build.0 = Release|Any CPU
		{1B160FC8-CE08-4896-BA95-2DC8976C8DDE}.Debug|Any CPU.ActiveCfg = Debug|Any CPU
		{1B160FC8-CE08-4896-BA95-2DC8976C8DDE}.Debug|Any CPU.Build.0 = Debug|Any CPU
		{1B160FC8-CE08-4896-BA95-2DC8976C8DDE}.Release|Any CPU.ActiveCfg = Release|Any CPU
		{1B160FC8-CE08-4896-BA95-2DC8976C8DDE}.Release|Any CPU.Build.0 = Release|Any CPU
		{F2F961D4-333B-452E-8284-079D43F2E78F}.Debug|Any CPU.ActiveCfg = Debug|Any CPU
		{F2F961D4-333B-452E-8284-079D43F2E78F}.Debug|Any CPU.Build.0 = Debug|Any CPU
		{F2F961D4-333B-452E-8284-079D43F2E78F}.Release|Any CPU.ActiveCfg = Release|Any CPU
		{F2F961D4-333B-452E-8284-079D43F2E78F}.Release|Any CPU.Build.0 = Release|Any CPU
		{CFAA9E62-4D3A-45E2-8BDE-C714F093901F}.Debug|Any CPU.ActiveCfg = Debug|Any CPU
		{CFAA9E62-4D3A-45E2-8BDE-C714F093901F}.Debug|Any CPU.Build.0 = Debug|Any CPU
		{CFAA9E62-4D3A-45E2-8BDE-C714F093901F}.Release|Any CPU.ActiveCfg = Release|Any CPU
		{CFAA9E62-4D3A-45E2-8BDE-C714F093901F}.Release|Any CPU.Build.0 = Release|Any CPU
		{76DDAF5E-47F0-4E04-9725-2C99D0CA488B}.Debug|Any CPU.ActiveCfg = Debug|Any CPU
		{76DDAF5E-47F0-4E04-9725-2C99D0CA488B}.Debug|Any CPU.Build.0 = Debug|Any CPU
		{76DDAF5E-47F0-4E04-9725-2C99D0CA488B}.Release|Any CPU.ActiveCfg = Release|Any CPU
		{76DDAF5E-47F0-4E04-9725-2C99D0CA488B}.Release|Any CPU.Build.0 = Release|Any CPU
		{6F53A685-2951-4CB1-9330-60C2A16A0F7A}.Debug|Any CPU.ActiveCfg = Debug|Any CPU
		{6F53A685-2951-4CB1-9330-60C2A16A0F7A}.Debug|Any CPU.Build.0 = Debug|Any CPU
		{6F53A685-2951-4CB1-9330-60C2A16A0F7A}.Release|Any CPU.ActiveCfg = Release|Any CPU
		{6F53A685-2951-4CB1-9330-60C2A16A0F7A}.Release|Any CPU.Build.0 = Release|Any CPU
		{FD1A70C6-E950-4CB6-94B9-1091959B00D0}.Debug|Any CPU.ActiveCfg = Debug|Any CPU
		{FD1A70C6-E950-4CB6-94B9-1091959B00D0}.Debug|Any CPU.Build.0 = Debug|Any CPU
		{FD1A70C6-E950-4CB6-94B9-1091959B00D0}.Release|Any CPU.ActiveCfg = Release|Any CPU
		{FD1A70C6-E950-4CB6-94B9-1091959B00D0}.Release|Any CPU.Build.0 = Release|Any CPU
		{31A47845-D01C-4D97-91AF-7F9F4D1BDFB6}.Debug|Any CPU.ActiveCfg = Debug|Any CPU
		{31A47845-D01C-4D97-91AF-7F9F4D1BDFB6}.Debug|Any CPU.Build.0 = Debug|Any CPU
		{31A47845-D01C-4D97-91AF-7F9F4D1BDFB6}.Release|Any CPU.ActiveCfg = Release|Any CPU
		{31A47845-D01C-4D97-91AF-7F9F4D1BDFB6}.Release|Any CPU.Build.0 = Release|Any CPU
		{6119C5E1-B5DE-4A28-A013-C8B32D6A3DEF}.Debug|Any CPU.ActiveCfg = Debug|Any CPU
		{6119C5E1-B5DE-4A28-A013-C8B32D6A3DEF}.Debug|Any CPU.Build.0 = Debug|Any CPU
		{6119C5E1-B5DE-4A28-A013-C8B32D6A3DEF}.Release|Any CPU.ActiveCfg = Release|Any CPU
		{6119C5E1-B5DE-4A28-A013-C8B32D6A3DEF}.Release|Any CPU.Build.0 = Release|Any CPU
		{EBCB632C-2F9F-49DF-AC18-6EF73899B3CC}.Debug|Any CPU.ActiveCfg = Debug|Any CPU
		{EBCB632C-2F9F-49DF-AC18-6EF73899B3CC}.Debug|Any CPU.Build.0 = Debug|Any CPU
		{EBCB632C-2F9F-49DF-AC18-6EF73899B3CC}.Release|Any CPU.ActiveCfg = Release|Any CPU
		{EBCB632C-2F9F-49DF-AC18-6EF73899B3CC}.Release|Any CPU.Build.0 = Release|Any CPU
		{30528AD8-EB42-420E-A67E-9DA4E9D3F421}.Debug|Any CPU.ActiveCfg = Debug|Any CPU
		{30528AD8-EB42-420E-A67E-9DA4E9D3F421}.Debug|Any CPU.Build.0 = Debug|Any CPU
		{30528AD8-EB42-420E-A67E-9DA4E9D3F421}.Release|Any CPU.ActiveCfg = Release|Any CPU
		{30528AD8-EB42-420E-A67E-9DA4E9D3F421}.Release|Any CPU.Build.0 = Release|Any CPU
		{DEC42009-84D0-4EBB-9065-4A797D479D2C}.Debug|Any CPU.ActiveCfg = Debug|Any CPU
		{DEC42009-84D0-4EBB-9065-4A797D479D2C}.Debug|Any CPU.Build.0 = Debug|Any CPU
		{DEC42009-84D0-4EBB-9065-4A797D479D2C}.Release|Any CPU.ActiveCfg = Release|Any CPU
		{DEC42009-84D0-4EBB-9065-4A797D479D2C}.Release|Any CPU.Build.0 = Release|Any CPU
		{06F27F47-57CC-47B6-A3AE-379786AEDD1E}.Debug|Any CPU.ActiveCfg = Debug|Any CPU
		{06F27F47-57CC-47B6-A3AE-379786AEDD1E}.Debug|Any CPU.Build.0 = Debug|Any CPU
		{06F27F47-57CC-47B6-A3AE-379786AEDD1E}.Release|Any CPU.ActiveCfg = Release|Any CPU
		{06F27F47-57CC-47B6-A3AE-379786AEDD1E}.Release|Any CPU.Build.0 = Release|Any CPU
		{5BB984E8-BDD7-4BAA-840A-13E4FFDB954F}.Debug|Any CPU.ActiveCfg = Debug|Any CPU
		{5BB984E8-BDD7-4BAA-840A-13E4FFDB954F}.Debug|Any CPU.Build.0 = Debug|Any CPU
		{5BB984E8-BDD7-4BAA-840A-13E4FFDB954F}.Release|Any CPU.ActiveCfg = Release|Any CPU
		{5BB984E8-BDD7-4BAA-840A-13E4FFDB954F}.Release|Any CPU.Build.0 = Release|Any CPU
		{8D74259F-27CD-4F01-8C44-D2191F652A40}.Debug|Any CPU.ActiveCfg = Debug|Any CPU
		{8D74259F-27CD-4F01-8C44-D2191F652A40}.Debug|Any CPU.Build.0 = Debug|Any CPU
		{8D74259F-27CD-4F01-8C44-D2191F652A40}.Release|Any CPU.ActiveCfg = Release|Any CPU
		{8D74259F-27CD-4F01-8C44-D2191F652A40}.Release|Any CPU.Build.0 = Release|Any CPU
		{8DDECA39-02C5-4DBB-B2C8-9FCBC0283251}.Debug|Any CPU.ActiveCfg = Debug|Any CPU
		{8DDECA39-02C5-4DBB-B2C8-9FCBC0283251}.Debug|Any CPU.Build.0 = Debug|Any CPU
		{8DDECA39-02C5-4DBB-B2C8-9FCBC0283251}.Release|Any CPU.ActiveCfg = Release|Any CPU
		{8DDECA39-02C5-4DBB-B2C8-9FCBC0283251}.Release|Any CPU.Build.0 = Release|Any CPU
		{FCB47D79-21CA-4138-B8D4-52024F3F29F8}.Debug|Any CPU.ActiveCfg = Debug|Any CPU
		{FCB47D79-21CA-4138-B8D4-52024F3F29F8}.Debug|Any CPU.Build.0 = Debug|Any CPU
		{FCB47D79-21CA-4138-B8D4-52024F3F29F8}.Release|Any CPU.ActiveCfg = Release|Any CPU
		{FCB47D79-21CA-4138-B8D4-52024F3F29F8}.Release|Any CPU.Build.0 = Release|Any CPU
		{863E3974-C1DD-4219-AE39-9E7B6F06BEEC}.Debug|Any CPU.ActiveCfg = Debug|Any CPU
		{863E3974-C1DD-4219-AE39-9E7B6F06BEEC}.Debug|Any CPU.Build.0 = Debug|Any CPU
		{863E3974-C1DD-4219-AE39-9E7B6F06BEEC}.Release|Any CPU.ActiveCfg = Release|Any CPU
		{863E3974-C1DD-4219-AE39-9E7B6F06BEEC}.Release|Any CPU.Build.0 = Release|Any CPU
		{3C8D5161-D9DD-4B61-BFE7-3EBCA303F8C7}.Debug|Any CPU.ActiveCfg = Debug|Any CPU
		{3C8D5161-D9DD-4B61-BFE7-3EBCA303F8C7}.Debug|Any CPU.Build.0 = Debug|Any CPU
		{3C8D5161-D9DD-4B61-BFE7-3EBCA303F8C7}.Release|Any CPU.ActiveCfg = Release|Any CPU
		{3C8D5161-D9DD-4B61-BFE7-3EBCA303F8C7}.Release|Any CPU.Build.0 = Release|Any CPU
		{D4BF43C5-F28D-4F1F-9E44-4DBEB399D90C}.Debug|Any CPU.ActiveCfg = Debug|Any CPU
		{D4BF43C5-F28D-4F1F-9E44-4DBEB399D90C}.Debug|Any CPU.Build.0 = Debug|Any CPU
		{D4BF43C5-F28D-4F1F-9E44-4DBEB399D90C}.Release|Any CPU.ActiveCfg = Release|Any CPU
		{D4BF43C5-F28D-4F1F-9E44-4DBEB399D90C}.Release|Any CPU.Build.0 = Release|Any CPU
		{1B2E7284-3E6F-4BEB-A1FA-1D8137568496}.Debug|Any CPU.ActiveCfg = Debug|Any CPU
		{1B2E7284-3E6F-4BEB-A1FA-1D8137568496}.Debug|Any CPU.Build.0 = Debug|Any CPU
		{1B2E7284-3E6F-4BEB-A1FA-1D8137568496}.Release|Any CPU.ActiveCfg = Release|Any CPU
		{1B2E7284-3E6F-4BEB-A1FA-1D8137568496}.Release|Any CPU.Build.0 = Release|Any CPU
		{FA2FA7B2-5906-4273-B719-56423F3FA6D1}.Debug|Any CPU.ActiveCfg = Debug|Any CPU
		{FA2FA7B2-5906-4273-B719-56423F3FA6D1}.Debug|Any CPU.Build.0 = Debug|Any CPU
		{FA2FA7B2-5906-4273-B719-56423F3FA6D1}.Release|Any CPU.ActiveCfg = Release|Any CPU
		{FA2FA7B2-5906-4273-B719-56423F3FA6D1}.Release|Any CPU.Build.0 = Release|Any CPU
		{0CF80503-B49C-4B05-9434-3E2A1D68486F}.Debug|Any CPU.ActiveCfg = Debug|Any CPU
		{0CF80503-B49C-4B05-9434-3E2A1D68486F}.Debug|Any CPU.Build.0 = Debug|Any CPU
		{0CF80503-B49C-4B05-9434-3E2A1D68486F}.Release|Any CPU.ActiveCfg = Release|Any CPU
		{0CF80503-B49C-4B05-9434-3E2A1D68486F}.Release|Any CPU.Build.0 = Release|Any CPU
		{158C07C2-6809-4D50-A461-CFFF168F2E6E}.Debug|Any CPU.ActiveCfg = Debug|Any CPU
		{158C07C2-6809-4D50-A461-CFFF168F2E6E}.Debug|Any CPU.Build.0 = Debug|Any CPU
		{158C07C2-6809-4D50-A461-CFFF168F2E6E}.Release|Any CPU.ActiveCfg = Release|Any CPU
		{158C07C2-6809-4D50-A461-CFFF168F2E6E}.Release|Any CPU.Build.0 = Release|Any CPU
		{DFACBA1A-FC4C-465B-864D-9838B35CF566}.Debug|Any CPU.ActiveCfg = Debug|Any CPU
		{DFACBA1A-FC4C-465B-864D-9838B35CF566}.Debug|Any CPU.Build.0 = Debug|Any CPU
		{DFACBA1A-FC4C-465B-864D-9838B35CF566}.Release|Any CPU.ActiveCfg = Release|Any CPU
		{DFACBA1A-FC4C-465B-864D-9838B35CF566}.Release|Any CPU.Build.0 = Release|Any CPU
		{C014FB11-31FA-4E03-9255-F0329DAF6361}.Debug|Any CPU.ActiveCfg = Debug|Any CPU
		{C014FB11-31FA-4E03-9255-F0329DAF6361}.Debug|Any CPU.Build.0 = Debug|Any CPU
		{C014FB11-31FA-4E03-9255-F0329DAF6361}.Release|Any CPU.ActiveCfg = Release|Any CPU
		{C014FB11-31FA-4E03-9255-F0329DAF6361}.Release|Any CPU.Build.0 = Release|Any CPU
		{B81711B4-2EAC-4175-9E47-01CDA3A37AEF}.Debug|Any CPU.ActiveCfg = Debug|Any CPU
		{B81711B4-2EAC-4175-9E47-01CDA3A37AEF}.Debug|Any CPU.Build.0 = Debug|Any CPU
		{B81711B4-2EAC-4175-9E47-01CDA3A37AEF}.Release|Any CPU.ActiveCfg = Release|Any CPU
		{B81711B4-2EAC-4175-9E47-01CDA3A37AEF}.Release|Any CPU.Build.0 = Release|Any CPU
		{5CB13A50-67C6-4C43-87B8-4EC5CABAF4BB}.Debug|Any CPU.ActiveCfg = Debug|Any CPU
		{5CB13A50-67C6-4C43-87B8-4EC5CABAF4BB}.Debug|Any CPU.Build.0 = Debug|Any CPU
		{5CB13A50-67C6-4C43-87B8-4EC5CABAF4BB}.Release|Any CPU.ActiveCfg = Release|Any CPU
		{5CB13A50-67C6-4C43-87B8-4EC5CABAF4BB}.Release|Any CPU.Build.0 = Release|Any CPU
		{0BA55701-E803-4484-8D11-9FF62EDA5B7A}.Debug|Any CPU.ActiveCfg = Debug|Any CPU
		{0BA55701-E803-4484-8D11-9FF62EDA5B7A}.Debug|Any CPU.Build.0 = Debug|Any CPU
		{0BA55701-E803-4484-8D11-9FF62EDA5B7A}.Release|Any CPU.ActiveCfg = Release|Any CPU
		{0BA55701-E803-4484-8D11-9FF62EDA5B7A}.Release|Any CPU.Build.0 = Release|Any CPU
		{219BB3D8-6EAE-4133-AC44-300AE4ED30C9}.Debug|Any CPU.ActiveCfg = Debug|Any CPU
		{219BB3D8-6EAE-4133-AC44-300AE4ED30C9}.Debug|Any CPU.Build.0 = Debug|Any CPU
		{219BB3D8-6EAE-4133-AC44-300AE4ED30C9}.Release|Any CPU.ActiveCfg = Release|Any CPU
		{219BB3D8-6EAE-4133-AC44-300AE4ED30C9}.Release|Any CPU.Build.0 = Release|Any CPU
		{8D4236FB-BBFD-4FE4-9078-B8BF662FE7CE}.Debug|Any CPU.ActiveCfg = Debug|Any CPU
		{8D4236FB-BBFD-4FE4-9078-B8BF662FE7CE}.Debug|Any CPU.Build.0 = Debug|Any CPU
		{8D4236FB-BBFD-4FE4-9078-B8BF662FE7CE}.Release|Any CPU.ActiveCfg = Release|Any CPU
		{8D4236FB-BBFD-4FE4-9078-B8BF662FE7CE}.Release|Any CPU.Build.0 = Release|Any CPU
		{64C54398-E9DD-4CD3-9E38-E8583BCF9D04}.Debug|Any CPU.ActiveCfg = Debug|Any CPU
		{64C54398-E9DD-4CD3-9E38-E8583BCF9D04}.Debug|Any CPU.Build.0 = Debug|Any CPU
		{64C54398-E9DD-4CD3-9E38-E8583BCF9D04}.Release|Any CPU.ActiveCfg = Release|Any CPU
		{64C54398-E9DD-4CD3-9E38-E8583BCF9D04}.Release|Any CPU.Build.0 = Release|Any CPU
	EndGlobalSection
	GlobalSection(SolutionProperties) = preSolution
		HideSolutionNode = FALSE
	EndGlobalSection
	GlobalSection(ExtensibilityGlobals) = postSolution
		SolutionGuid = {502B44B0-83A1-4154-A6E3-CF82E92145C3}
	EndGlobalSection
EndGlobal
